{
  "requires": true,
  "lockfileVersion": 1,
  "dependencies": {
    "axios-miniprogram": {
      "version": "2.0.0-rc-1",
      "resolved": "https://registry.npmjs.org/axios-miniprogram/-/axios-miniprogram-2.0.0-rc-1.tgz",
      "integrity": "sha512-cLM+QYnYfNW1C49QijPLIlsBCsJPAqSw28keB5hnLX5alpw/tsLCM/n+VolXpR/x58ZMlJycBy1s3KbhappY+g=="
    },
    "jweixin-module": {
      "version": "1.6.0",
      "resolved": "https://registry.npmjs.org/jweixin-module/-/jweixin-module-1.6.0.tgz",
      "integrity": "sha512-dGk9cf+ipipHmtzYmKZs5B2toX+p4hLyllGLF6xuC8t+B05oYxd8fYoaRz0T30U2n3RUv8a4iwvjhA+OcYz52w=="
    }
  }
}
